
Microsoft Visual Studio Solution File, Format Version 12.00
# Visual Studio 14
VisualStudioVersion = 14.0.25420.1
MinimumVisualStudioVersion = 10.0.40219.1
Project("{8BC9CEB8-8B4A-11D0-8D11-00A0C91BC942}") = "Task_2", "Task_2\Task_2.vcxproj", "{E03BD101-2027-4C71-8165-C671028209E2}"
EndProject
Project("{8BC9CEB8-8B4A-11D0-8D11-00A0C91BC942}") = "Task_3", "Task_3\Task_3.vcxproj", "{A162ECB6-9495-4531-9FD2-F002DB0890A3}"
EndProject
Project("{8BC9CEB8-8B4A-11D0-8D11-00A0C91BC942}") = "Task_4", "Task_4\Task_4.vcxproj", "{B531A3A5-EBB1-4819-B741-7C77171AA657}"
EndProject
Project("{8BC9CEB8-8B4A-11D0-8D11-00A0C91BC942}") = "Task_6", "Task_6\Task_6.vcxproj", "{B65DF369-E7B1-4C25-A471-E01798F9A339}"
EndProject
Project("{8BC9CEB8-8B4A-11D0-8D11-00A0C91BC942}") = "Task_5", "Task_5\Task_5.vcxproj", "{F6ED0660-905B-4E5F-A124-5E0C6F24339C}"
EndProject
Global
	GlobalSection(SolutionConfigurationPlatforms) = preSolution
		Debug|x64 = Debug|x64
		Debug|x86 = Debug|x86
		Release|x64 = Release|x64
		Release|x86 = Release|x86
	EndGlobalSection
	GlobalSection(ProjectConfigurationPlatforms) = postSolution
		{E03BD101-2027-4C71-8165-C671028209E2}.Debug|x64.ActiveCfg = Debug|x64
		{E03BD101-2027-4C71-8165-C671028209E2}.Debug|x64.Build.0 = Debug|x64
		{E03BD101-2027-4C71-8165-C671028209E2}.Debug|x86.ActiveCfg = Debug|Win32
		{E03BD101-2027-4C71-8165-C671028209E2}.Debug|x86.Build.0 = Debug|Win32
		{E03BD101-2027-4C71-8165-C671028209E2}.Release|x64.ActiveCfg = Release|x64
		{E03BD101-2027-4C71-8165-C671028209E2}.Release|x64.Build.0 = Release|x64
		{E03BD101-2027-4C71-8165-C671028209E2}.Release|x86.ActiveCfg = Release|Win32
		{E03BD101-2027-4C71-8165-C671028209E2}.Release|x86.Build.0 = Release|Win32
		{A162ECB6-9495-4531-9FD2-F002DB0890A3}.Debug|x64.ActiveCfg = Debug|x64
		{A162ECB6-9495-4531-9FD2-F002DB0890A3}.Debug|x64.Build.0 = Debug|x64
		{A162ECB6-9495-4531-9FD2-F002DB0890A3}.Debug|x86.ActiveCfg = Debug|Win32
		{A162ECB6-9495-4531-9FD2-F002DB0890A3}.Debug|x86.Build.0 = Debug|Win32
		{A162ECB6-9495-4531-9FD2-F002DB0890A3}.Release|x64.ActiveCfg = Release|x64
		{A162ECB6-9495-4531-9FD2-F002DB0890A3}.Release|x64.Build.0 = Release|x64
		{A162ECB6-9495-4531-9FD2-F002DB0890A3}.Release|x86.ActiveCfg = Release|Win32
		{A162ECB6-9495-4531-9FD2-F002DB0890A3}.Release|x86.Build.0 = Release|Win32
		{B531A3A5-EBB1-4819-B741-7C77171AA657}.Debug|x64.ActiveCfg = Debug|x64
		{B531A3A5-EBB1-4819-B741-7C77171AA657}.Debug|x64.Build.0 = Debug|x64
		{B531A3A5-EBB1-4819-B741-7C77171AA657}.Debug|x86.ActiveCfg = Debug|Win32
		{B531A3A5-EBB1-4819-B741-7C77171AA657}.Debug|x86.Build.0 = Debug|Win32
		{B531A3A5-EBB1-4819-B741-7C77171AA657}.Release|x64.ActiveCfg = Release|x64
		{B531A3A5-EBB1-4819-B741-7C77171AA657}.Release|x64.Build.0 = Release|x64
		{B531A3A5-EBB1-4819-B741-7C77171AA657}.Release|x86.ActiveCfg = Release|Win32
		{B531A3A5-EBB1-4819-B741-7C77171AA657}.Release|x86.Build.0 = Release|Win32
		{B65DF369-E7B1-4C25-A471-E01798F9A339}.Debug|x64.ActiveCfg = Debug|x64
		{B65DF369-E7B1-4C25-A471-E01798F9A339}.Debug|x64.Build.0 = Debug|x64
		{B65DF369-E7B1-4C25-A471-E01798F9A339}.Debug|x86.ActiveCfg = Debug|Win32
		{B65DF369-E7B1-4C25-A471-E01798F9A339}.Debug|x86.Build.0 = Debug|Win32
		{B65DF369-E7B1-4C25-A471-E01798F9A339}.Release|x64.ActiveCfg = Release|x64
		{B65DF369-E7B1-4C25-A471-E01798F9A339}.Release|x64.Build.0 = Release|x64
		{B65DF369-E7B1-4C25-A471-E01798F9A339}.Release|x86.ActiveCfg = Release|Win32
		{B65DF369-E7B1-4C25-A471-E01798F9A339}.Release|x86.Build.0 = Release|Win32
		{F6ED0660-905B-4E5F-A124-5E0C6F24339C}.Debug|x64.ActiveCfg = Debug|x64
		{F6ED0660-905B-4E5F-A124-5E0C6F24339C}.Debug|x64.Build.0 = Debug|x64
		{F6ED0660-905B-4E5F-A124-5E0C6F24339C}.Debug|x86.ActiveCfg = Debug|Win32
		{F6ED0660-905B-4E5F-A124-5E0C6F24339C}.Debug|x86.Build.0 = Debug|Win32
		{F6ED0660-905B-4E5F-A124-5E0C6F24339C}.Release|x64.ActiveCfg = Release|x64
		{F6ED0660-905B-4E5F-A124-5E0C6F24339C}.Release|x64.Build.0 = Release|x64
		{F6ED0660-905B-4E5F-A124-5E0C6F24339C}.Release|x86.ActiveCfg = Release|Win32
		{F6ED0660-905B-4E5F-A124-5E0C6F24339C}.Release|x86.Build.0 = Release|Win32
	EndGlobalSection
	GlobalSection(SolutionProperties) = preSolution
		HideSolutionNode = FALSE
	EndGlobalSection
EndGlobal
